// !$*UTF8*$!
{
	archiveVersion = 1;
	classes = {
	};
	objectVersion = 56;
	objects = {

/* Begin PBXBuildFile section */
		F81150E82CA753420083AC8D /* mario4.png in CopyFiles */ = {isa = PBXBuildFile; fileRef = F81150E72CA7533F0083AC8D /* mario4.png */; };
		F8DD51CA2C9DC81200FDDDD5 /* main.cpp in Sources */ = {isa = PBXBuildFile; fileRef = F8DD51C92C9DC81200FDDDD5 /* main.cpp */; };
		F8DD51D52C9DC8F300FDDDD5 /* ShaderProgram.cpp in Sources */ = {isa = PBXBuildFile; fileRef = F8DD51D32C9DC8F300FDDDD5 /* ShaderProgram.cpp */; };
		F8DD51D82C9DC99B00FDDDD5 /* OpenGL.framework in Frameworks */ = {isa = PBXBuildFile; fileRef = F8DD51D72C9DC99B00FDDDD5 /* OpenGL.framework */; };
		F8DD51DA2C9DC99E00FDDDD5 /* Cocoa.framework in Frameworks */ = {isa = PBXBuildFile; fileRef = F8DD51D92C9DC99E00FDDDD5 /* Cocoa.framework */; };
		F8DD51DE2C9DC9AE00FDDDD5 /* SDL2_image.framework in Frameworks */ = {isa = PBXBuildFile; fileRef = F8DD51DB2C9DC9AE00FDDDD5 /* SDL2_image.framework */; };
		F8DD51DF2C9DC9AE00FDDDD5 /* SDL2.framework in Frameworks */ = {isa = PBXBuildFile; fileRef = F8DD51DC2C9DC9AE00FDDDD5 /* SDL2.framework */; };
		F8DD51E02C9DC9AE00FDDDD5 /* SDL2_mixer.framework in Frameworks */ = {isa = PBXBuildFile; fileRef = F8DD51DD2C9DC9AE00FDDDD5 /* SDL2_mixer.framework */; };
		F8DD51E12C9DC9C300FDDDD5 /* shaders in CopyFiles */ = {isa = PBXBuildFile; fileRef = F8DD51D42C9DC8F300FDDDD5 /* shaders */; };
		F8DD51F72CA1E57B00FDDDD5 /* assets in CopyFiles */ = {isa = PBXBuildFile; fileRef = F8DD51F62CA1E57700FDDDD5 /* assets */; };
/* End PBXBuildFile section */

/* Begin PBXCopyFilesBuildPhase section */
		F8DD51C42C9DC81200FDDDD5 /* CopyFiles */ = {
			isa = PBXCopyFilesBuildPhase;
			buildActionMask = 2147483647;
			dstPath = "";
			dstSubfolderSpec = 6;
			files = (
				F8DD51F72CA1E57B00FDDDD5 /* assets in CopyFiles */,
				F8DD51E12C9DC9C300FDDDD5 /* shaders in CopyFiles */,
				F81150E82CA753420083AC8D /* mario4.png in CopyFiles */,
			);
			runOnlyForDeploymentPostprocessing = 1;
		};
/* End PBXCopyFilesBuildPhase section */

/* Begin PBXFileReference section */
		F81150E72CA7533F0083AC8D /* mario4.png */ = {isa = PBXFileReference; lastKnownFileType = image.png; name = mario4.png; path = assets2/mario4.png; sourceTree = "<group>"; };
		F8DD51C62C9DC81200FDDDD5 /* SDLSimple2 */ = {isa = PBXFileReference; explicitFileType = "compiled.mach-o.executable"; includeInIndex = 0; path = SDLSimple2; sourceTree = BUILT_PRODUCTS_DIR; };
		F8DD51C92C9DC81200FDDDD5 /* main.cpp */ = {isa = PBXFileReference; lastKnownFileType = sourcecode.cpp.cpp; path = main.cpp; sourceTree = "<group>"; };
		F8DD51D02C9DC8F200FDDDD5 /* ShaderProgram.h */ = {isa = PBXFileReference; fileEncoding = 4; lastKnownFileType = sourcecode.c.h; path = ShaderProgram.h; sourceTree = "<group>"; };
		F8DD51D12C9DC8F200FDDDD5 /* glm */ = {isa = PBXFileReference; lastKnownFileType = folder; path = glm; sourceTree = "<group>"; };
		F8DD51D22C9DC8F200FDDDD5 /* stb_image.h */ = {isa = PBXFileReference; fileEncoding = 4; lastKnownFileType = sourcecode.c.h; path = stb_image.h; sourceTree = "<group>"; };
		F8DD51D32C9DC8F300FDDDD5 /* ShaderProgram.cpp */ = {isa = PBXFileReference; fileEncoding = 4; lastKnownFileType = sourcecode.cpp.cpp; path = ShaderProgram.cpp; sourceTree = "<group>"; };
		F8DD51D42C9DC8F300FDDDD5 /* shaders */ = {isa = PBXFileReference; lastKnownFileType = folder; path = shaders; sourceTree = "<group>"; };
		F8DD51D72C9DC99B00FDDDD5 /* OpenGL.framework */ = {isa = PBXFileReference; lastKnownFileType = wrapper.framework; name = OpenGL.framework; path = System/Library/Frameworks/OpenGL.framework; sourceTree = SDKROOT; };
		F8DD51D92C9DC99E00FDDDD5 /* Cocoa.framework */ = {isa = PBXFileReference; lastKnownFileType = wrapper.framework; name = Cocoa.framework; path = System/Library/Frameworks/Cocoa.framework; sourceTree = SDKROOT; };
		F8DD51DB2C9DC9AE00FDDDD5 /* SDL2_image.framework */ = {isa = PBXFileReference; lastKnownFileType = wrapper.framework; name = SDL2_image.framework; path = ../../../../../Library/Frameworks/SDL2_image.framework; sourceTree = "<group>"; };
		F8DD51DC2C9DC9AE00FDDDD5 /* SDL2.framework */ = {isa = PBXFileReference; lastKnownFileType = wrapper.framework; name = SDL2.framework; path = ../../../../../Library/Frameworks/SDL2.framework; sourceTree = "<group>"; };
		F8DD51DD2C9DC9AE00FDDDD5 /* SDL2_mixer.framework */ = {isa = PBXFileReference; lastKnownFileType = wrapper.framework; name = SDL2_mixer.framework; path = ../../../../../Library/Frameworks/SDL2_mixer.framework; sourceTree = "<group>"; };
		F8DD51F62CA1E57700FDDDD5 /* assets */ = {isa = PBXFileReference; lastKnownFileType = folder; path = assets; sourceTree = "<group>"; };
/* End PBXFileReference section */

/* Begin PBXFrameworksBuildPhase section */
		F8DD51C32C9DC81200FDDDD5 /* Frameworks */ = {
			isa = PBXFrameworksBuildPhase;
			buildActionMask = 2147483647;
			files = (
				F8DD51DE2C9DC9AE00FDDDD5 /* SDL2_image.framework in Frameworks */,
				F8DD51DF2C9DC9AE00FDDDD5 /* SDL2.framework in Frameworks */,
				F8DD51E02C9DC9AE00FDDDD5 /* SDL2_mixer.framework in Frameworks */,
				F8DD51DA2C9DC99E00FDDDD5 /* Cocoa.framework in Frameworks */,
				F8DD51D82C9DC99B00FDDDD5 /* OpenGL.framework in Frameworks */,
			);
			runOnlyForDeploymentPostprocessing = 0;
		};
/* End PBXFrameworksBuildPhase section */

/* Begin PBXGroup section */
		F8DD51BD2C9DC81200FDDDD5 = {
			isa = PBXGroup;
			children = (
				F8DD51C82C9DC81200FDDDD5 /* SDLSimple2 */,
				F8DD51C72C9DC81200FDDDD5 /* Products */,
				F8DD51D62C9DC99A00FDDDD5 /* Frameworks */,
			);
			sourceTree = "<group>";
		};
		F8DD51C72C9DC81200FDDDD5 /* Products */ = {
			isa = PBXGroup;
			children = (
				F8DD51C62C9DC81200FDDDD5 /* SDLSimple2 */,
			);
			name = Products;
			sourceTree = "<group>";
		};
		F8DD51C82C9DC81200FDDDD5 /* SDLSimple2 */ = {
			isa = PBXGroup;
			children = (
				F81150E72CA7533F0083AC8D /* mario4.png */,
				F8DD51F62CA1E57700FDDDD5 /* assets */,
				F8DD51C92C9DC81200FDDDD5 /* main.cpp */,
				F8DD51D12C9DC8F200FDDDD5 /* glm */,
				F8DD51D32C9DC8F300FDDDD5 /* ShaderProgram.cpp */,
				F8DD51D02C9DC8F200FDDDD5 /* ShaderProgram.h */,
				F8DD51D42C9DC8F300FDDDD5 /* shaders */,
				F8DD51D22C9DC8F200FDDDD5 /* stb_image.h */,
			);
			path = SDLSimple2;
			sourceTree = "<group>";
		};
		F8DD51D62C9DC99A00FDDDD5 /* Frameworks */ = {
			isa = PBXGroup;
			children = (
				F8DD51DB2C9DC9AE00FDDDD5 /* SDL2_image.framework */,
				F8DD51DD2C9DC9AE00FDDDD5 /* SDL2_mixer.framework */,
				F8DD51DC2C9DC9AE00FDDDD5 /* SDL2.framework */,
				F8DD51D92C9DC99E00FDDDD5 /* Cocoa.framework */,
				F8DD51D72C9DC99B00FDDDD5 /* OpenGL.framework */,
			);
			name = Frameworks;
			sourceTree = "<group>";
		};
/* End PBXGroup section */

/* Begin PBXNativeTarget section */
		F8DD51C52C9DC81200FDDDD5 /* SDLSimple2 */ = {
			isa = PBXNativeTarget;
			buildConfigurationList = F8DD51CD2C9DC81200FDDDD5 /* Build configuration list for PBXNativeTarget "SDLSimple2" */;
			buildPhases = (
				F8DD51C22C9DC81200FDDDD5 /* Sources */,
				F8DD51C32C9DC81200FDDDD5 /* Frameworks */,
				F8DD51C42C9DC81200FDDDD5 /* CopyFiles */,
			);
			buildRules = (
			);
			dependencies = (
			);
			name = SDLSimple2;
			productName = SDLSimple2;
			productReference = F8DD51C62C9DC81200FDDDD5 /* SDLSimple2 */;
			productType = "com.apple.product-type.tool";
		};
/* End PBXNativeTarget section */

/* Begin PBXProject section */
		F8DD51BE2C9DC81200FDDDD5 /* Project object */ = {
			isa = PBXProject;
			attributes = {
				BuildIndependentTargetsInParallel = 1;
				LastUpgradeCheck = 1430;
				TargetAttributes = {
					F8DD51C52C9DC81200FDDDD5 = {
						CreatedOnToolsVersion = 14.3.1;
					};
				};
			};
			buildConfigurationList = F8DD51C12C9DC81200FDDDD5 /* Build configuration list for PBXProject "SDLSimple2" */;
			compatibilityVersion = "Xcode 14.0";
			developmentRegion = en;
			hasScannedForEncodings = 0;
			knownRegions = (
				en,
				Base,
			);
			mainGroup = F8DD51BD2C9DC81200FDDDD5;
			productRefGroup = F8DD51C72C9DC81200FDDDD5 /* Products */;
			projectDirPath = "";
			projectRoot = "";
			targets = (
				F8DD51C52C9DC81200FDDDD5 /* SDLSimple2 */,
			);
		};
/* End PBXProject section */

/* Begin PBXSourcesBuildPhase section */
		F8DD51C22C9DC81200FDDDD5 /* Sources */ = {
			isa = PBXSourcesBuildPhase;
			buildActionMask = 2147483647;
			files = (
				F8DD51CA2C9DC81200FDDDD5 /* main.cpp in Sources */,
				F8DD51D52C9DC8F300FDDDD5 /* ShaderProgram.cpp in Sources */,
			);
			runOnlyForDeploymentPostprocessing = 0;
		};
/* End PBXSourcesBuildPhase section */

/* Begin XCBuildConfiguration section */
		F8DD51CB2C9DC81200FDDDD5 /* Debug */ = {
			isa = XCBuildConfiguration;
			buildSettings = {
				ALWAYS_SEARCH_USER_PATHS = NO;
				CLANG_ANALYZER_NONNULL = YES;
				CLANG_ANALYZER_NUMBER_OBJECT_CONVERSION = YES_AGGRESSIVE;
				CLANG_CXX_LANGUAGE_STANDARD = "gnu++20";
				CLANG_ENABLE_MODULES = YES;
				CLANG_ENABLE_OBJC_ARC = YES;
				CLANG_ENABLE_OBJC_WEAK = YES;
				CLANG_WARN_BLOCK_CAPTURE_AUTORELEASING = YES;
				CLANG_WARN_BOOL_CONVERSION = YES;
				CLANG_WARN_COMMA = YES;
				CLANG_WARN_CONSTANT_CONVERSION = YES;
				CLANG_WARN_DEPRECATED_OBJC_IMPLEMENTATIONS = YES;
				CLANG_WARN_DIRECT_OBJC_ISA_USAGE = YES_ERROR;
				CLANG_WARN_DOCUMENTATION_COMMENTS = YES;
				CLANG_WARN_EMPTY_BODY = YES;
				CLANG_WARN_ENUM_CONVERSION = YES;
				CLANG_WARN_INFINITE_RECURSION = YES;
				CLANG_WARN_INT_CONVERSION = YES;
				CLANG_WARN_NON_LITERAL_NULL_CONVERSION = YES;
				CLANG_WARN_OBJC_IMPLICIT_RETAIN_SELF = YES;
				CLANG_WARN_OBJC_LITERAL_CONVERSION = YES;
				CLANG_WARN_OBJC_ROOT_CLASS = YES_ERROR;
				CLANG_WARN_QUOTED_INCLUDE_IN_FRAMEWORK_HEADER = YES;
				CLANG_WARN_RANGE_LOOP_ANALYSIS = YES;
				CLANG_WARN_STRICT_PROTOTYPES = YES;
				CLANG_WARN_SUSPICIOUS_MOVE = YES;
				CLANG_WARN_UNGUARDED_AVAILABILITY = YES_AGGRESSIVE;
				CLANG_WARN_UNREACHABLE_CODE = YES;
				CLANG_WARN__DUPLICATE_METHOD_MATCH = YES;
				COPY_PHASE_STRIP = NO;
				DEBUG_INFORMATION_FORMAT = dwarf;
				ENABLE_STRICT_OBJC_MSGSEND = YES;
				ENABLE_TESTABILITY = YES;
				GCC_C_LANGUAGE_STANDARD = gnu11;
				GCC_DYNAMIC_NO_PIC = NO;
				GCC_NO_COMMON_BLOCKS = YES;
				GCC_OPTIMIZATION_LEVEL = 0;
				GCC_PREPROCESSOR_DEFINITIONS = (
					"DEBUG=1",
					"$(inherited)",
				);
				GCC_WARN_64_TO_32_BIT_CONVERSION = YES;
				GCC_WARN_ABOUT_RETURN_TYPE = YES_ERROR;
				GCC_WARN_UNDECLARED_SELECTOR = YES;
				GCC_WARN_UNINITIALIZED_AUTOS = YES_AGGRESSIVE;
				GCC_WARN_UNUSED_FUNCTION = YES;
				GCC_WARN_UNUSED_VARIABLE = YES;
				MACOSX_DEPLOYMENT_TARGET = 13.2;
				MTL_ENABLE_DEBUG_INFO = INCLUDE_SOURCE;
				MTL_FAST_MATH = YES;
				ONLY_ACTIVE_ARCH = YES;
				SDKROOT = macosx;
			};
			name = Debug;
		};
		F8DD51CC2C9DC81200FDDDD5 /* Release */ = {
			isa = XCBuildConfiguration;
			buildSettings = {
				ALWAYS_SEARCH_USER_PATHS = NO;
				CLANG_ANALYZER_NONNULL = YES;
				CLANG_ANALYZER_NUMBER_OBJECT_CONVERSION = YES_AGGRESSIVE;
				CLANG_CXX_LANGUAGE_STANDARD = "gnu++20";
				CLANG_ENABLE_MODULES = YES;
				CLANG_ENABLE_OBJC_ARC = YES;
				CLANG_ENABLE_OBJC_WEAK = YES;
				CLANG_WARN_BLOCK_CAPTURE_AUTORELEASING = YES;
				CLANG_WARN_BOOL_CONVERSION = YES;
				CLANG_WARN_COMMA = YES;
				CLANG_WARN_CONSTANT_CONVERSION = YES;
				CLANG_WARN_DEPRECATED_OBJC_IMPLEMENTATIONS = YES;
				CLANG_WARN_DIRECT_OBJC_ISA_USAGE = YES_ERROR;
				CLANG_WARN_DOCUMENTATION_COMMENTS = YES;
				CLANG_WARN_EMPTY_BODY = YES;
				CLANG_WARN_ENUM_CONVERSION = YES;
				CLANG_WARN_INFINITE_RECURSION = YES;
				CLANG_WARN_INT_CONVERSION = YES;
				CLANG_WARN_NON_LITERAL_NULL_CONVERSION = YES;
				CLANG_WARN_OBJC_IMPLICIT_RETAIN_SELF = YES;
				CLANG_WARN_OBJC_LITERAL_CONVERSION = YES;
				CLANG_WARN_OBJC_ROOT_CLASS = YES_ERROR;
				CLANG_WARN_QUOTED_INCLUDE_IN_FRAMEWORK_HEADER = YES;
				CLANG_WARN_RANGE_LOOP_ANALYSIS = YES;
				CLANG_WARN_STRICT_PROTOTYPES = YES;
				CLANG_WARN_SUSPICIOUS_MOVE = YES;
				CLANG_WARN_UNGUARDED_AVAILABILITY = YES_AGGRESSIVE;
				CLANG_WARN_UNREACHABLE_CODE = YES;
				CLANG_WARN__DUPLICATE_METHOD_MATCH = YES;
				COPY_PHASE_STRIP = NO;
				DEBUG_INFORMATION_FORMAT = "dwarf-with-dsym";
				ENABLE_NS_ASSERTIONS = NO;
				ENABLE_STRICT_OBJC_MSGSEND = YES;
				GCC_C_LANGUAGE_STANDARD = gnu11;
				GCC_NO_COMMON_BLOCKS = YES;
				GCC_WARN_64_TO_32_BIT_CONVERSION = YES;
				GCC_WARN_ABOUT_RETURN_TYPE = YES_ERROR;
				GCC_WARN_UNDECLARED_SELECTOR = YES;
				GCC_WARN_UNINITIALIZED_AUTOS = YES_AGGRESSIVE;
				GCC_WARN_UNUSED_FUNCTION = YES;
				GCC_WARN_UNUSED_VARIABLE = YES;
				MACOSX_DEPLOYMENT_TARGET = 13.2;
				MTL_ENABLE_DEBUG_INFO = NO;
				MTL_FAST_MATH = YES;
				SDKROOT = macosx;
			};
			name = Release;
		};
		F8DD51CE2C9DC81200FDDDD5 /* Debug */ = {
			isa = XCBuildConfiguration;
			buildSettings = {
				CODE_SIGN_STYLE = Automatic;
				FRAMEWORK_SEARCH_PATHS = (
					"$(inherited)",
					"$(LOCAL_LIBRARY_DIR)/Frameworks",
				);
				HEADER_SEARCH_PATHS = (
					/Library/Frameworks/SDL2_image.framework/Versions/A/Headers,
					/Library/Frameworks/SDL2.framework/Versions/A/Headers,
				);
				PRODUCT_NAME = "$(TARGET_NAME)";
			};
			name = Debug;
		};
		F8DD51CF2C9DC81200FDDDD5 /* Release */ = {
			isa = XCBuildConfiguration;
			buildSettings = {
				CODE_SIGN_STYLE = Automatic;
				FRAMEWORK_SEARCH_PATHS = (
					"$(inherited)",
					"$(LOCAL_LIBRARY_DIR)/Frameworks",
				);
				HEADER_SEARCH_PATHS = (
					/Library/Frameworks/SDL2_image.framework/Versions/A/Headers,
					/Library/Frameworks/SDL2.framework/Versions/A/Headers,
				);
				PRODUCT_NAME = "$(TARGET_NAME)";
			};
			name = Release;
		};
/* End XCBuildConfiguration section */

/* Begin XCConfigurationList section */
		F8DD51C12C9DC81200FDDDD5 /* Build configuration list for PBXProject "SDLSimple2" */ = {
			isa = XCConfigurationList;
			buildConfigurations = (
				F8DD51CB2C9DC81200FDDDD5 /* Debug */,
				F8DD51CC2C9DC81200FDDDD5 /* Release */,
			);
			defaultConfigurationIsVisible = 0;
			defaultConfigurationName = Release;
		};
		F8DD51CD2C9DC81200FDDDD5 /* Build configuration list for PBXNativeTarget "SDLSimple2" */ = {
			isa = XCConfigurationList;
			buildConfigurations = (
				F8DD51CE2C9DC81200FDDDD5 /* Debug */,
				F8DD51CF2C9DC81200FDDDD5 /* Release */,
			);
			defaultConfigurationIsVisible = 0;
			defaultConfigurationName = Release;
		};
/* End XCConfigurationList section */
	};
	rootObject = F8DD51BE2C9DC81200FDDDD5 /* Project object */;
}
